PODS:
  - SnapKit (5.7.1)
  - ZHHDraggableView (0.0.3)

DEPENDENCIES:
  - SnapKit
  - ZHHDraggableView (from `../`)

SPEC REPOS:
  trunk:
    - SnapKit

EXTERNAL SOURCES:
  ZHHDraggableView:
    :path: "../"

SPEC CHECKSUMS:
  SnapKit: d612e99e678a2d3b95bf60b0705ed0a35c03484a
  ZHHDraggableView: 4cd9898823878366373ada4e8e42b55a9ec879b1

PODFILE CHECKSUM: 40f693338b32c9728ae9d27acff1544ccf7321ed

COCOAPODS: 1.16.2
